
Microsoft Visual Studio Solution File, Format Version 12.00
# Visual Studio Version 16
VisualStudioVersion = 16.0.30523.141
MinimumVisualStudioVersion = 10.0.40219.1
Project("{8BC9CEB8-8B4A-11D0-8D11-00A0C91BC942}") = "Graphics Engine", "Graphics Engine\Graphics Engine.vcxproj", "{7B987019-9D29-4827-9939-ECDD70174F75}"
EndProject
Global
	GlobalSection(SolutionConfigurationPlatforms) = preSolution
		Debug|x64 = Debug|x64
		Debug|x86 = Debug|x86
		Release|x64 = Release|x64
		Release|x86 = Release|x86
	EndGlobalSection
	GlobalSection(ProjectConfigurationPlatforms) = postSolution
		{7B987019-9D29-4827-9939-ECDD70174F75}.Debug|x64.ActiveCfg = Debug|x64
		{7B987019-9D29-4827-9939-ECDD70174F75}.Debug|x64.Build.0 = Debug|x64
		{7B987019-9D29-4827-9939-ECDD70174F75}.Debug|x86.ActiveCfg = Debug|Win32
		{7B987019-9D29-4827-9939-ECDD70174F75}.Debug|x86.Build.0 = Debug|Win32
		{7B987019-9D29-4827-9939-ECDD70174F75}.Release|x64.ActiveCfg = Release|x64
		{7B987019-9D29-4827-9939-ECDD70174F75}.Release|x64.Build.0 = Release|x64
		{7B987019-9D29-4827-9939-ECDD70174F75}.Release|x86.ActiveCfg = Release|Win32
		{7B987019-9D29-4827-9939-ECDD70174F75}.Release|x86.Build.0 = Release|Win32
	EndGlobalSection
	GlobalSection(SolutionProperties) = preSolution
		HideSolutionNode = FALSE
	EndGlobalSection
	GlobalSection(ExtensibilityGlobals) = postSolution
		SolutionGuid = {8775D108-202B-4D14-BD55-9D9ABC1C96C6}
	EndGlobalSection
EndGlobal
